
Microsoft Visual Studio Solution File, Format Version 12.00
# Visual Studio Version 17
VisualStudioVersion = 17.5.002.0
MinimumVisualStudioVersion = 10.0.40219.1
Project("{9A19103F-16F7-4668-BE54-9A1E7A4F7556}") = "SeaBaseAPI", "SeaBaseAPI\SeaBaseAPI.csproj", "{CAA39288-E4CF-4069-9D33-CCB32143B595}"
EndProject
Project("{FAE04EC0-301F-11D3-BF4B-00C04F79EFBC}") = "SeaBaseAPIUnitTests", "SeaBaseAPIUnitTests\SeaBaseAPIUnitTests.csproj", "{248B9875-A9E2-412A-B9C0-75D3A1C355AD}"
EndProject
Project("{FAE04EC0-301F-11D3-BF4B-00C04F79EFBC}") = "SeaBaseAPIIntegrationTests", "SeaBaseAPIIntegrationTests\SeaBaseAPIIntegrationTests.csproj", "{0CB385E8-6CF7-4770-9106-C680AF8BB01A}"
EndProject
Global
	GlobalSection(SolutionConfigurationPlatforms) = preSolution
		Debug|Any CPU = Debug|Any CPU
		Release|Any CPU = Release|Any CPU
	EndGlobalSection
	GlobalSection(ProjectConfigurationPlatforms) = postSolution
		{CAA39288-E4CF-4069-9D33-CCB32143B595}.Debug|Any CPU.ActiveCfg = Debug|Any CPU
		{CAA39288-E4CF-4069-9D33-CCB32143B595}.Debug|Any CPU.Build.0 = Debug|Any CPU
		{CAA39288-E4CF-4069-9D33-CCB32143B595}.Release|Any CPU.ActiveCfg = Release|Any CPU
		{CAA39288-E4CF-4069-9D33-CCB32143B595}.Release|Any CPU.Build.0 = Release|Any CPU
		{248B9875-A9E2-412A-B9C0-75D3A1C355AD}.Debug|Any CPU.ActiveCfg = Debug|Any CPU
		{248B9875-A9E2-412A-B9C0-75D3A1C355AD}.Debug|Any CPU.Build.0 = Debug|Any CPU
		{248B9875-A9E2-412A-B9C0-75D3A1C355AD}.Release|Any CPU.ActiveCfg = Release|Any CPU
		{248B9875-A9E2-412A-B9C0-75D3A1C355AD}.Release|Any CPU.Build.0 = Release|Any CPU
		{0CB385E8-6CF7-4770-9106-C680AF8BB01A}.Debug|Any CPU.ActiveCfg = Debug|Any CPU
		{0CB385E8-6CF7-4770-9106-C680AF8BB01A}.Debug|Any CPU.Build.0 = Debug|Any CPU
		{0CB385E8-6CF7-4770-9106-C680AF8BB01A}.Release|Any CPU.ActiveCfg = Release|Any CPU
		{0CB385E8-6CF7-4770-9106-C680AF8BB01A}.Release|Any CPU.Build.0 = Release|Any CPU
	EndGlobalSection
	GlobalSection(SolutionProperties) = preSolution
		HideSolutionNode = FALSE
	EndGlobalSection
	GlobalSection(ExtensibilityGlobals) = postSolution
		SolutionGuid = {CD16B0BA-CF45-4C49-B487-3A2A207C43E1}
	EndGlobalSection
EndGlobal
